<?xml version="1.0"?>
<CONFIG>
  <ProjectOptions>
    <Version Value="9"/>
    <PathDelim Value="\"/>
    <General>
      <Flags>
        <MainUnitHasUsesSectionForAllUnits Value="False"/>
        <MainUnitHasCreateFormStatements Value="False"/>
        <MainUnitHasTitleStatement Value="False"/>
      </Flags>
      <MainUnit Value="0"/>
      <ResourceType Value="res"/>
      <UseXPManifest Value="True"/>
      <Icon Value="0"/>
      <ActiveWindowIndexAtStart Value="0"/>
    </General>
    <i18n>
      <EnableI18N LFM="False"/>
    </i18n>
    <VersionInfo>
      <StringTable ProductVersion=""/>
    </VersionInfo>
    <BuildModes Count="1" Active="Default">
      <Item1 Name="Default" Default="True"/>
    </BuildModes>
    <PublishOptions>
      <Version Value="2"/>
      <IncludeFileFilter Value="*.(pas|pp|inc|lfm|lpr|lrs|lpi|lpk|sh|xml)"/>
      <ExcludeFileFilter Value="*.(bak|ppu|o|so);*~;backup"/>
    </PublishOptions>
    <RunParams>
      <local>
        <FormatVersion Value="1"/>
      </local>
    </RunParams>
    <Units Count="110">
      <Unit0>
        <Filename Value="PasParseTest.dpr"/>
        <IsPartOfProject Value="True"/>
        <EditorIndex Value="0"/>
        <WindowIndex Value="0"/>
        <TopLine Value="1"/>
        <CursorPos X="1" Y="10"/>
        <UsageCount Value="20"/>
        <Loaded Value="True"/>
        <DefaultSyntaxHighlighter Value="Delphi"/>
      </Unit0>
      <Unit1>
        <Filename Value="..\FastMM\FastMM4.pas"/>
        <IsPartOfProject Value="True"/>
        <UnitName Value="FastMM4"/>
        <EditorIndex Value="6"/>
        <WindowIndex Value="0"/>
        <TopLine Value="1389"/>
        <CursorPos X="62" Y="1389"/>
        <UsageCount Value="20"/>
        <Loaded Value="True"/>
        <DefaultSyntaxHighlighter Value="Delphi"/>
      </Unit1>
      <Unit2>
        <Filename Value="..\FastMM\FastMM4Messages.pas"/>
        <IsPartOfProject Value="True"/>
        <UnitName Value="FastMM4Messages"/>
        <EditorIndex Value="7"/>
        <WindowIndex Value="0"/>
        <TopLine Value="1"/>
        <CursorPos X="1" Y="1"/>
        <UsageCount Value="20"/>
        <Loaded Value="True"/>
        <DefaultSyntaxHighlighter Value="Delphi"/>
      </Unit2>
      <Unit3>
        <Filename Value="UTestLexScanner.pas"/>
        <IsPartOfProject Value="True"/>
        <UnitName Value="UTestLexScanner"/>
        <EditorIndex Value="1"/>
        <WindowIndex Value="0"/>
        <TopLine Value="56"/>
        <CursorPos X="19" Y="56"/>
        <UsageCount Value="20"/>
        <Loaded Value="True"/>
        <DefaultSyntaxHighlighter Value="Delphi"/>
      </Unit3>
      <Unit4>
        <Filename Value="UTest.pas"/>
        <IsPartOfProject Value="True"/>
        <UnitName Value="UTest"/>
        <EditorIndex Value="2"/>
        <WindowIndex Value="0"/>
        <TopLine Value="1"/>
        <CursorPos X="1" Y="11"/>
        <UsageCount Value="20"/>
        <Loaded Value="True"/>
        <DefaultSyntaxHighlighter Value="Delphi"/>
      </Unit4>
      <Unit5>
        <Filename Value="UTestDictionary.pas"/>
        <IsPartOfProject Value="True"/>
        <UnitName Value="UTestDictionary"/>
        <WindowIndex Value="0"/>
        <TopLine Value="1"/>
        <CursorPos X="1" Y="1"/>
        <UsageCount Value="20"/>
        <DefaultSyntaxHighlighter Value="Delphi"/>
      </Unit5>
      <Unit6>
        <Filename Value="UTestCompilerDefines.pas"/>
        <IsPartOfProject Value="True"/>
        <UnitName Value="UTestCompilerDefines"/>
        <WindowIndex Value="0"/>
        <TopLine Value="1"/>
        <CursorPos X="1" Y="1"/>
        <UsageCount Value="20"/>
        <DefaultSyntaxHighlighter Value="Delphi"/>
      </Unit6>
      <Unit7>
        <Filename Value="UTestASTNode.pas"/>
        <IsPartOfProject Value="True"/>
        <UnitName Value="UTestASTNode"/>
        <WindowIndex Value="0"/>
        <TopLine Value="1"/>
        <CursorPos X="1" Y="1"/>
        <UsageCount Value="20"/>
        <DefaultSyntaxHighlighter Value="Delphi"/>
      </Unit7>
      <Unit8>
        <Filename Value="UTestRelOp.pas"/>
        <IsPartOfProject Value="True"/>
        <UnitName Value="UTestRelOp"/>
        <WindowIndex Value="0"/>
        <TopLine Value="1"/>
        <CursorPos X="1" Y="1"/>
        <UsageCount Value="20"/>
        <DefaultSyntaxHighlighter Value="Delphi"/>
      </Unit8>
      <Unit9>
        <Filename Value="UTestParser.pas"/>
        <IsPartOfProject Value="True"/>
        <UnitName Value="UTestParser"/>
        <WindowIndex Value="0"/>
        <TopLine Value="1"/>
        <CursorPos X="1" Y="1"/>
        <UsageCount Value="20"/>
        <DefaultSyntaxHighlighter Value="Delphi"/>
      </Unit9>
      <Unit10>
        <Filename Value="UTestArrayType.pas"/>
        <IsPartOfProject Value="True"/>
        <UnitName Value="UTestArrayType"/>
        <WindowIndex Value="0"/>
        <TopLine Value="1"/>
        <CursorPos X="1" Y="1"/>
        <UsageCount Value="20"/>
        <DefaultSyntaxHighlighter Value="Delphi"/>
      </Unit10>
      <Unit11>
        <Filename Value="UTestAddOp.pas"/>
        <IsPartOfProject Value="True"/>
        <UnitName Value="UTestAddOp"/>
        <WindowIndex Value="0"/>
        <TopLine Value="1"/>
        <CursorPos X="1" Y="1"/>
        <UsageCount Value="20"/>
        <DefaultSyntaxHighlighter Value="Delphi"/>
      </Unit11>
      <Unit12>
        <Filename Value="UTestMulOp.pas"/>
        <IsPartOfProject Value="True"/>
        <UnitName Value="UTestMulOp"/>
        <WindowIndex Value="0"/>
        <TopLine Value="1"/>
        <CursorPos X="1" Y="1"/>
        <UsageCount Value="20"/>
        <DefaultSyntaxHighlighter Value="Delphi"/>
      </Unit12>
      <Unit13>
        <Filename Value="UTestPortabilityDirective.pas"/>
        <IsPartOfProject Value="True"/>
        <UnitName Value="UTestPortabilityDirective"/>
        <WindowIndex Value="0"/>
        <TopLine Value="1"/>
        <CursorPos X="1" Y="1"/>
        <UsageCount Value="20"/>
        <DefaultSyntaxHighlighter Value="Delphi"/>
      </Unit13>
      <Unit14>
        <Filename Value="UTestUnaryOperator.pas"/>
        <IsPartOfProject Value="True"/>
        <UnitName Value="UTestUnaryOperator"/>
        <WindowIndex Value="0"/>
        <TopLine Value="1"/>
        <CursorPos X="1" Y="1"/>
        <UsageCount Value="20"/>
        <DefaultSyntaxHighlighter Value="Delphi"/>
      </Unit14>
      <Unit15>
        <Filename Value="UTestExtendedIdent.pas"/>
        <IsPartOfProject Value="True"/>
        <UnitName Value="UTestExtendedIdent"/>
        <EditorIndex Value="3"/>
        <WindowIndex Value="0"/>
        <TopLine Value="30"/>
        <CursorPos X="62" Y="59"/>
        <UsageCount Value="20"/>
        <Loaded Value="True"/>
        <DefaultSyntaxHighlighter Value="Delphi"/>
      </Unit15>
      <Unit16>
        <Filename Value="UTestQualifiedIdent.pas"/>
        <IsPartOfProject Value="True"/>
        <UnitName Value="UTestQualifiedIdent"/>
        <WindowIndex Value="0"/>
        <TopLine Value="1"/>
        <CursorPos X="1" Y="1"/>
        <UsageCount Value="20"/>
        <DefaultSyntaxHighlighter Value="Delphi"/>
      </Unit16>
      <Unit17>
        <Filename Value="UTestIdent.pas"/>
        <IsPartOfProject Value="True"/>
        <UnitName Value="UTestIdent"/>
        <IsVisibleTab Value="True"/>
        <EditorIndex Value="4"/>
        <WindowIndex Value="0"/>
        <TopLine Value="39"/>
        <CursorPos X="62" Y="60"/>
        <UsageCount Value="20"/>
        <Loaded Value="True"/>
        <DefaultSyntaxHighlighter Value="Delphi"/>
      </Unit17>
      <Unit18>
        <Filename Value="UTestFileType.pas"/>
        <IsPartOfProject Value="True"/>
        <UnitName Value="UTestFileType"/>
        <WindowIndex Value="0"/>
        <TopLine Value="1"/>
        <CursorPos X="1" Y="1"/>
        <UsageCount Value="20"/>
        <DefaultSyntaxHighlighter Value="Delphi"/>
      </Unit18>
      <Unit19>
        <Filename Value="UTestIdentList.pas"/>
        <IsPartOfProject Value="True"/>
        <UnitName Value="UTestIdentList"/>
        <WindowIndex Value="0"/>
        <TopLine Value="1"/>
        <CursorPos X="1" Y="1"/>
        <UsageCount Value="20"/>
        <DefaultSyntaxHighlighter Value="Delphi"/>
      </Unit19>
      <Unit20>
        <Filename Value="UTestFactor.pas"/>
        <IsPartOfProject Value="True"/>
        <UnitName Value="UTestFactor"/>
        <WindowIndex Value="0"/>
        <TopLine Value="1"/>
        <CursorPos X="1" Y="1"/>
        <UsageCount Value="20"/>
        <DefaultSyntaxHighlighter Value="Delphi"/>
      </Unit20>
      <Unit21>
        <Filename Value="UTestUsedUnit.pas"/>
        <IsPartOfProject Value="True"/>
        <UnitName Value="UTestUsedUnit"/>
        <WindowIndex Value="0"/>
        <TopLine Value="1"/>
        <CursorPos X="1" Y="1"/>
        <UsageCount Value="20"/>
        <DefaultSyntaxHighlighter Value="Delphi"/>
      </Unit21>
      <Unit22>
        <Filename Value="UTestUsesClause.pas"/>
        <IsPartOfProject Value="True"/>
        <UnitName Value="UTestUsesClause"/>
        <WindowIndex Value="0"/>
        <TopLine Value="1"/>
        <CursorPos X="1" Y="1"/>
        <UsageCount Value="20"/>
        <DefaultSyntaxHighlighter Value="Delphi"/>
      </Unit22>
      <Unit23>
        <Filename Value="UTestClassOf.pas"/>
        <IsPartOfProject Value="True"/>
        <UnitName Value="UTestClassOf"/>
        <WindowIndex Value="0"/>
        <TopLine Value="1"/>
        <CursorPos X="1" Y="1"/>
        <UsageCount Value="20"/>
        <DefaultSyntaxHighlighter Value="Delphi"/>
      </Unit23>
      <Unit24>
        <Filename Value="UTestBareInherited.pas"/>
        <IsPartOfProject Value="True"/>
        <UnitName Value="UTestBareInherited"/>
        <WindowIndex Value="0"/>
        <TopLine Value="1"/>
        <CursorPos X="1" Y="1"/>
        <UsageCount Value="20"/>
        <DefaultSyntaxHighlighter Value="Delphi"/>
      </Unit24>
      <Unit25>
        <Filename Value="UTestAssemblerStatement.pas"/>
        <IsPartOfProject Value="True"/>
        <UnitName Value="UTestAssemblerStatement"/>
        <WindowIndex Value="0"/>
        <TopLine Value="1"/>
        <CursorPos X="1" Y="1"/>
        <UsageCount Value="20"/>
        <DefaultSyntaxHighlighter Value="Delphi"/>
      </Unit25>
      <Unit26>
        <Filename Value="UTestAlternator.pas"/>
        <IsPartOfProject Value="True"/>
        <UnitName Value="UTestAlternator"/>
        <WindowIndex Value="0"/>
        <TopLine Value="1"/>
        <CursorPos X="1" Y="1"/>
        <UsageCount Value="20"/>
        <DefaultSyntaxHighlighter Value="Delphi"/>
      </Unit26>
      <Unit27>
        <Filename Value="UTestLabelId.pas"/>
        <IsPartOfProject Value="True"/>
        <UnitName Value="UTestLabelId"/>
        <WindowIndex Value="0"/>
        <TopLine Value="1"/>
        <CursorPos X="1" Y="1"/>
        <UsageCount Value="20"/>
        <DefaultSyntaxHighlighter Value="Delphi"/>
      </Unit27>
      <Unit28>
        <Filename Value="UTestVisibility.pas"/>
        <IsPartOfProject Value="True"/>
        <UnitName Value="UTestVisibility"/>
        <WindowIndex Value="0"/>
        <TopLine Value="1"/>
        <CursorPos X="1" Y="1"/>
        <UsageCount Value="20"/>
        <DefaultSyntaxHighlighter Value="Delphi"/>
      </Unit28>
      <Unit29>
        <Filename Value="UTestGotoStatement.pas"/>
        <IsPartOfProject Value="True"/>
        <UnitName Value="UTestGotoStatement"/>
        <WindowIndex Value="0"/>
        <TopLine Value="1"/>
        <CursorPos X="1" Y="1"/>
        <UsageCount Value="20"/>
        <DefaultSyntaxHighlighter Value="Delphi"/>
      </Unit29>
      <Unit30>
        <Filename Value="UTestParticle.pas"/>
        <IsPartOfProject Value="True"/>
        <UnitName Value="UTestParticle"/>
        <WindowIndex Value="0"/>
        <TopLine Value="1"/>
        <CursorPos X="1" Y="1"/>
        <UsageCount Value="20"/>
        <DefaultSyntaxHighlighter Value="Delphi"/>
      </Unit30>
      <Unit31>
        <Filename Value="UTestAtom.pas"/>
        <IsPartOfProject Value="True"/>
        <UnitName Value="UTestAtom"/>
        <WindowIndex Value="0"/>
        <TopLine Value="1"/>
        <CursorPos X="1" Y="1"/>
        <UsageCount Value="20"/>
        <DefaultSyntaxHighlighter Value="Delphi"/>
      </Unit31>
      <Unit32>
        <Filename Value="UTestTerm.pas"/>
        <IsPartOfProject Value="True"/>
        <UnitName Value="UTestTerm"/>
        <WindowIndex Value="0"/>
        <TopLine Value="1"/>
        <CursorPos X="1" Y="1"/>
        <UsageCount Value="20"/>
        <DefaultSyntaxHighlighter Value="Delphi"/>
      </Unit32>
      <Unit33>
        <Filename Value="UTestSimpleExpression.pas"/>
        <IsPartOfProject Value="True"/>
        <UnitName Value="UTestSimpleExpression"/>
        <WindowIndex Value="0"/>
        <TopLine Value="1"/>
        <CursorPos X="1" Y="1"/>
        <UsageCount Value="20"/>
        <DefaultSyntaxHighlighter Value="Delphi"/>
      </Unit33>
      <Unit34>
        <Filename Value="UTestExpression.pas"/>
        <IsPartOfProject Value="True"/>
        <UnitName Value="UTestExpression"/>
        <WindowIndex Value="0"/>
        <TopLine Value="1"/>
        <CursorPos X="1" Y="1"/>
        <UsageCount Value="20"/>
        <DefaultSyntaxHighlighter Value="Delphi"/>
      </Unit34>
      <Unit35>
        <Filename Value="UTestParenthesizedExpression.pas"/>
        <IsPartOfProject Value="True"/>
        <UnitName Value="UTestParenthesizedExpression"/>
        <WindowIndex Value="0"/>
        <TopLine Value="1"/>
        <CursorPos X="1" Y="1"/>
        <UsageCount Value="20"/>
        <DefaultSyntaxHighlighter Value="Delphi"/>
      </Unit35>
      <Unit36>
        <Filename Value="UTestExpressionList.pas"/>
        <IsPartOfProject Value="True"/>
        <UnitName Value="UTestExpressionList"/>
        <WindowIndex Value="0"/>
        <TopLine Value="1"/>
        <CursorPos X="1" Y="1"/>
        <UsageCount Value="20"/>
        <DefaultSyntaxHighlighter Value="Delphi"/>
      </Unit36>
      <Unit37>
        <Filename Value="UTestExpressionOrAssignment.pas"/>
        <IsPartOfProject Value="True"/>
        <UnitName Value="UTestExpressionOrAssignment"/>
        <WindowIndex Value="0"/>
        <TopLine Value="1"/>
        <CursorPos X="1" Y="1"/>
        <UsageCount Value="20"/>
        <DefaultSyntaxHighlighter Value="Delphi"/>
      </Unit37>
      <Unit38>
        <Filename Value="UTestExpressionOrRange.pas"/>
        <IsPartOfProject Value="True"/>
        <UnitName Value="UTestExpressionOrRange"/>
        <WindowIndex Value="0"/>
        <TopLine Value="1"/>
        <CursorPos X="1" Y="1"/>
        <UsageCount Value="20"/>
        <DefaultSyntaxHighlighter Value="Delphi"/>
      </Unit38>
      <Unit39>
        <Filename Value="UTestExpressionOrRangeList.pas"/>
        <IsPartOfProject Value="True"/>
        <UnitName Value="UTestExpressionOrRangeList"/>
        <WindowIndex Value="0"/>
        <TopLine Value="1"/>
        <CursorPos X="1" Y="1"/>
        <UsageCount Value="20"/>
        <DefaultSyntaxHighlighter Value="Delphi"/>
      </Unit39>
      <Unit40>
        <Filename Value="UTestSetType.pas"/>
        <IsPartOfProject Value="True"/>
        <UnitName Value="UTestSetType"/>
        <WindowIndex Value="0"/>
        <TopLine Value="1"/>
        <CursorPos X="1" Y="1"/>
        <UsageCount Value="20"/>
        <DefaultSyntaxHighlighter Value="Delphi"/>
      </Unit40>
      <Unit41>
        <Filename Value="UTestSetLiteral.pas"/>
        <IsPartOfProject Value="True"/>
        <UnitName Value="UTestSetLiteral"/>
        <WindowIndex Value="0"/>
        <TopLine Value="1"/>
        <CursorPos X="1" Y="1"/>
        <UsageCount Value="20"/>
        <DefaultSyntaxHighlighter Value="Delphi"/>
      </Unit41>
      <Unit42>
        <Filename Value="UTestIfStatement.pas"/>
        <IsPartOfProject Value="True"/>
        <UnitName Value="UTestIfStatement"/>
        <WindowIndex Value="0"/>
        <TopLine Value="1"/>
        <CursorPos X="1" Y="1"/>
        <UsageCount Value="20"/>
        <DefaultSyntaxHighlighter Value="Delphi"/>
      </Unit42>
      <Unit43>
        <Filename Value="UTestStatement.pas"/>
        <IsPartOfProject Value="True"/>
        <UnitName Value="UTestStatement"/>
        <WindowIndex Value="0"/>
        <TopLine Value="1"/>
        <CursorPos X="1" Y="1"/>
        <UsageCount Value="20"/>
        <DefaultSyntaxHighlighter Value="Delphi"/>
      </Unit43>
      <Unit44>
        <Filename Value="UTestWhileStatement.pas"/>
        <IsPartOfProject Value="True"/>
        <UnitName Value="UTestWhileStatement"/>
        <WindowIndex Value="0"/>
        <TopLine Value="1"/>
        <CursorPos X="1" Y="1"/>
        <UsageCount Value="20"/>
        <DefaultSyntaxHighlighter Value="Delphi"/>
      </Unit44>
      <Unit45>
        <Filename Value="UTestWithStatement.pas"/>
        <IsPartOfProject Value="True"/>
        <UnitName Value="UTestWithStatement"/>
        <WindowIndex Value="0"/>
        <TopLine Value="1"/>
        <CursorPos X="1" Y="1"/>
        <UsageCount Value="20"/>
        <DefaultSyntaxHighlighter Value="Delphi"/>
      </Unit45>
      <Unit46>
        <Filename Value="UTestBlock.pas"/>
        <IsPartOfProject Value="True"/>
        <UnitName Value="UTestBlock"/>
        <WindowIndex Value="0"/>
        <TopLine Value="1"/>
        <CursorPos X="1" Y="1"/>
        <UsageCount Value="20"/>
        <DefaultSyntaxHighlighter Value="Delphi"/>
      </Unit46>
      <Unit47>
        <Filename Value="UTestStatementList.pas"/>
        <IsPartOfProject Value="True"/>
        <UnitName Value="UTestStatementList"/>
        <WindowIndex Value="0"/>
        <TopLine Value="1"/>
        <CursorPos X="1" Y="1"/>
        <UsageCount Value="20"/>
        <DefaultSyntaxHighlighter Value="Delphi"/>
      </Unit47>
      <Unit48>
        <Filename Value="UTestCaseSelector.pas"/>
        <IsPartOfProject Value="True"/>
        <UnitName Value="UTestCaseSelector"/>
        <WindowIndex Value="0"/>
        <TopLine Value="1"/>
        <CursorPos X="1" Y="1"/>
        <UsageCount Value="20"/>
        <DefaultSyntaxHighlighter Value="Delphi"/>
      </Unit48>
      <Unit49>
        <Filename Value="UTestCaseStatement.pas"/>
        <IsPartOfProject Value="True"/>
        <UnitName Value="UTestCaseStatement"/>
        <WindowIndex Value="0"/>
        <TopLine Value="1"/>
        <CursorPos X="1" Y="1"/>
        <UsageCount Value="20"/>
        <DefaultSyntaxHighlighter Value="Delphi"/>
      </Unit49>
      <Unit50>
        <Filename Value="UTestExceptionItem.pas"/>
        <IsPartOfProject Value="True"/>
        <UnitName Value="UTestExceptionItem"/>
        <WindowIndex Value="0"/>
        <TopLine Value="1"/>
        <CursorPos X="1" Y="1"/>
        <UsageCount Value="20"/>
        <DefaultSyntaxHighlighter Value="Delphi"/>
      </Unit50>
      <Unit51>
        <Filename Value="UTestRaiseStatement.pas"/>
        <IsPartOfProject Value="True"/>
        <UnitName Value="UTestRaiseStatement"/>
        <WindowIndex Value="0"/>
        <TopLine Value="1"/>
        <CursorPos X="1" Y="1"/>
        <UsageCount Value="20"/>
        <DefaultSyntaxHighlighter Value="Delphi"/>
      </Unit51>
      <Unit52>
        <Filename Value="UTestParameterExpression.pas"/>
        <IsPartOfProject Value="True"/>
        <UnitName Value="UTestParameterExpression"/>
        <WindowIndex Value="0"/>
        <TopLine Value="1"/>
        <CursorPos X="1" Y="1"/>
        <UsageCount Value="20"/>
        <DefaultSyntaxHighlighter Value="Delphi"/>
      </Unit52>
      <Unit53>
        <Filename Value="UTestRepeatStatement.pas"/>
        <IsPartOfProject Value="True"/>
        <UnitName Value="UTestRepeatStatement"/>
        <WindowIndex Value="0"/>
        <TopLine Value="1"/>
        <CursorPos X="1" Y="1"/>
        <UsageCount Value="20"/>
        <DefaultSyntaxHighlighter Value="Delphi"/>
      </Unit53>
      <Unit54>
        <Filename Value="UTestForStatement.pas"/>
        <IsPartOfProject Value="True"/>
        <UnitName Value="UTestForStatement"/>
        <WindowIndex Value="0"/>
        <TopLine Value="1"/>
        <CursorPos X="1" Y="1"/>
        <UsageCount Value="20"/>
        <DefaultSyntaxHighlighter Value="Delphi"/>
      </Unit54>
      <Unit55>
        <Filename Value="UTestTryStatement.pas"/>
        <IsPartOfProject Value="True"/>
        <UnitName Value="UTestTryStatement"/>
        <WindowIndex Value="0"/>
        <TopLine Value="1"/>
        <CursorPos X="1" Y="1"/>
        <UsageCount Value="20"/>
        <DefaultSyntaxHighlighter Value="Delphi"/>
      </Unit55>
      <Unit56>
        <Filename Value="UTestSimpleStatement.pas"/>
        <IsPartOfProject Value="True"/>
        <UnitName Value="UTestSimpleStatement"/>
        <WindowIndex Value="0"/>
        <TopLine Value="1"/>
        <CursorPos X="1" Y="1"/>
        <UsageCount Value="20"/>
        <DefaultSyntaxHighlighter Value="Delphi"/>
      </Unit56>
      <Unit57>
        <Filename Value="UTestOpenArray.pas"/>
        <IsPartOfProject Value="True"/>
        <UnitName Value="UTestOpenArray"/>
        <WindowIndex Value="0"/>
        <TopLine Value="1"/>
        <CursorPos X="1" Y="1"/>
        <UsageCount Value="20"/>
        <DefaultSyntaxHighlighter Value="Delphi"/>
      </Unit57>
      <Unit58>
        <Filename Value="UTestParameterType.pas"/>
        <IsPartOfProject Value="True"/>
        <UnitName Value="UTestParameterType"/>
        <WindowIndex Value="0"/>
        <TopLine Value="1"/>
        <CursorPos X="1" Y="1"/>
        <UsageCount Value="20"/>
        <DefaultSyntaxHighlighter Value="Delphi"/>
      </Unit58>
      <Unit59>
        <Filename Value="UTestParameter.pas"/>
        <IsPartOfProject Value="True"/>
        <UnitName Value="UTestParameter"/>
        <WindowIndex Value="0"/>
        <TopLine Value="1"/>
        <CursorPos X="1" Y="1"/>
        <UsageCount Value="20"/>
        <DefaultSyntaxHighlighter Value="Delphi"/>
      </Unit59>
      <Unit60>
        <Filename Value="UTestEnumeratedTypeElement.pas"/>
        <IsPartOfProject Value="True"/>
        <UnitName Value="UTestEnumeratedTypeElement"/>
        <WindowIndex Value="0"/>
        <TopLine Value="1"/>
        <CursorPos X="1" Y="1"/>
        <UsageCount Value="20"/>
        <DefaultSyntaxHighlighter Value="Delphi"/>
      </Unit60>
      <Unit61>
        <Filename Value="UTestEnumeratedType.pas"/>
        <IsPartOfProject Value="True"/>
        <UnitName Value="UTestEnumeratedType"/>
        <WindowIndex Value="0"/>
        <TopLine Value="1"/>
        <CursorPos X="1" Y="1"/>
        <UsageCount Value="20"/>
        <DefaultSyntaxHighlighter Value="Delphi"/>
      </Unit61>
      <Unit62>
        <Filename Value="UTestMethodReturnType.pas"/>
        <IsPartOfProject Value="True"/>
        <UnitName Value="UTestMethodReturnType"/>
        <WindowIndex Value="0"/>
        <TopLine Value="1"/>
        <CursorPos X="1" Y="1"/>
        <UsageCount Value="20"/>
        <DefaultSyntaxHighlighter Value="Delphi"/>
      </Unit62>
      <Unit63>
        <Filename Value="UTestMethodHeading.pas"/>
        <IsPartOfProject Value="True"/>
        <UnitName Value="UTestMethodHeading"/>
        <WindowIndex Value="0"/>
        <TopLine Value="1"/>
        <CursorPos X="1" Y="1"/>
        <UsageCount Value="20"/>
        <DefaultSyntaxHighlighter Value="Delphi"/>
      </Unit63>
      <Unit64>
        <Filename Value="UTestExportsSpecifier.pas"/>
        <IsPartOfProject Value="True"/>
        <UnitName Value="UTestExportsSpecifier"/>
        <WindowIndex Value="0"/>
        <TopLine Value="1"/>
        <CursorPos X="1" Y="1"/>
        <UsageCount Value="20"/>
        <DefaultSyntaxHighlighter Value="Delphi"/>
      </Unit64>
      <Unit65>
        <Filename Value="UTestDirective.pas"/>
        <IsPartOfProject Value="True"/>
        <UnitName Value="UTestDirective"/>
        <WindowIndex Value="0"/>
        <TopLine Value="1"/>
        <CursorPos X="1" Y="1"/>
        <UsageCount Value="20"/>
        <DefaultSyntaxHighlighter Value="Delphi"/>
      </Unit65>
      <Unit66>
        <Filename Value="UTestPropertyDirective.pas"/>
        <IsPartOfProject Value="True"/>
        <UnitName Value="UTestPropertyDirective"/>
        <WindowIndex Value="0"/>
        <TopLine Value="1"/>
        <CursorPos X="1" Y="1"/>
        <UsageCount Value="20"/>
        <DefaultSyntaxHighlighter Value="Delphi"/>
      </Unit66>
      <Unit67>
        <Filename Value="UTestProperty.pas"/>
        <IsPartOfProject Value="True"/>
        <UnitName Value="UTestProperty"/>
        <WindowIndex Value="0"/>
        <TopLine Value="1"/>
        <CursorPos X="1" Y="1"/>
        <UsageCount Value="20"/>
        <DefaultSyntaxHighlighter Value="Delphi"/>
      </Unit67>
      <Unit68>
        <Filename Value="UTestMethodOrProperty.pas"/>
        <IsPartOfProject Value="True"/>
        <UnitName Value="UTestMethodOrProperty"/>
        <WindowIndex Value="0"/>
        <TopLine Value="1"/>
        <CursorPos X="1" Y="1"/>
        <UsageCount Value="20"/>
        <DefaultSyntaxHighlighter Value="Delphi"/>
      </Unit68>
      <Unit69>
        <Filename Value="UTestInterfaceType.pas"/>
        <IsPartOfProject Value="True"/>
        <UnitName Value="UTestInterfaceType"/>
        <WindowIndex Value="0"/>
        <TopLine Value="1"/>
        <CursorPos X="1" Y="1"/>
        <UsageCount Value="20"/>
        <DefaultSyntaxHighlighter Value="Delphi"/>
      </Unit69>
      <Unit70>
        <Filename Value="UTestAssemblyAttribute.pas"/>
        <IsPartOfProject Value="True"/>
        <UnitName Value="UTestAssemblyAttribute"/>
        <WindowIndex Value="0"/>
        <TopLine Value="1"/>
        <CursorPos X="1" Y="1"/>
        <UsageCount Value="20"/>
        <DefaultSyntaxHighlighter Value="Delphi"/>
      </Unit70>
      <Unit71>
        <Filename Value="UTestExportsItem.pas"/>
        <IsPartOfProject Value="True"/>
        <UnitName Value="UTestExportsItem"/>
        <WindowIndex Value="0"/>
        <TopLine Value="1"/>
        <CursorPos X="1" Y="1"/>
        <UsageCount Value="20"/>
        <DefaultSyntaxHighlighter Value="Delphi"/>
      </Unit71>
      <Unit72>
        <Filename Value="UTestExportsStatement.pas"/>
        <IsPartOfProject Value="True"/>
        <UnitName Value="UTestExportsStatement"/>
        <WindowIndex Value="0"/>
        <TopLine Value="1"/>
        <CursorPos X="1" Y="1"/>
        <UsageCount Value="20"/>
        <DefaultSyntaxHighlighter Value="Delphi"/>
      </Unit72>
      <Unit73>
        <Filename Value="UTestInitSection.pas"/>
        <IsPartOfProject Value="True"/>
        <UnitName Value="UTestInitSection"/>
        <WindowIndex Value="0"/>
        <TopLine Value="1"/>
        <CursorPos X="1" Y="1"/>
        <UsageCount Value="20"/>
        <DefaultSyntaxHighlighter Value="Delphi"/>
      </Unit73>
      <Unit74>
        <Filename Value="UTestLabelDeclSection.pas"/>
        <IsPartOfProject Value="True"/>
        <UnitName Value="UTestLabelDeclSection"/>
        <WindowIndex Value="0"/>
        <TopLine Value="1"/>
        <CursorPos X="1" Y="1"/>
        <UsageCount Value="20"/>
        <DefaultSyntaxHighlighter Value="Delphi"/>
      </Unit74>
      <Unit75>
        <Filename Value="UTestProcedureType.pas"/>
        <IsPartOfProject Value="True"/>
        <UnitName Value="UTestProcedureType"/>
        <WindowIndex Value="0"/>
        <TopLine Value="1"/>
        <CursorPos X="1" Y="1"/>
        <UsageCount Value="20"/>
        <DefaultSyntaxHighlighter Value="Delphi"/>
      </Unit75>
      <Unit76>
        <Filename Value="UTestRecordHelperType.pas"/>
        <IsPartOfProject Value="True"/>
        <UnitName Value="UTestRecordHelperType"/>
        <WindowIndex Value="0"/>
        <TopLine Value="1"/>
        <CursorPos X="1" Y="1"/>
        <UsageCount Value="20"/>
        <DefaultSyntaxHighlighter Value="Delphi"/>
      </Unit76>
      <Unit77>
        <Filename Value="UTestType.pas"/>
        <IsPartOfProject Value="True"/>
        <UnitName Value="UTestType"/>
        <WindowIndex Value="0"/>
        <TopLine Value="1"/>
        <CursorPos X="1" Y="1"/>
        <UsageCount Value="20"/>
        <DefaultSyntaxHighlighter Value="Delphi"/>
      </Unit77>
      <Unit78>
        <Filename Value="UTestPackedType.pas"/>
        <IsPartOfProject Value="True"/>
        <UnitName Value="UTestPackedType"/>
        <WindowIndex Value="0"/>
        <TopLine Value="1"/>
        <CursorPos X="1" Y="1"/>
        <UsageCount Value="20"/>
        <DefaultSyntaxHighlighter Value="Delphi"/>
      </Unit78>
      <Unit79>
        <Filename Value="UTestPointerType.pas"/>
        <IsPartOfProject Value="True"/>
        <UnitName Value="UTestPointerType"/>
        <WindowIndex Value="0"/>
        <TopLine Value="1"/>
        <CursorPos X="1" Y="1"/>
        <UsageCount Value="20"/>
        <DefaultSyntaxHighlighter Value="Delphi"/>
      </Unit79>
      <Unit80>
        <Filename Value="UTestTypedConstant.pas"/>
        <IsPartOfProject Value="True"/>
        <UnitName Value="UTestTypedConstant"/>
        <WindowIndex Value="0"/>
        <TopLine Value="1"/>
        <CursorPos X="1" Y="1"/>
        <UsageCount Value="20"/>
        <DefaultSyntaxHighlighter Value="Delphi"/>
      </Unit80>
      <Unit81>
        <Filename Value="UTestRecordFieldConstant.pas"/>
        <IsPartOfProject Value="True"/>
        <UnitName Value="UTestRecordFieldConstant"/>
        <WindowIndex Value="0"/>
        <TopLine Value="1"/>
        <CursorPos X="1" Y="1"/>
        <UsageCount Value="20"/>
        <DefaultSyntaxHighlighter Value="Delphi"/>
      </Unit81>
      <Unit82>
        <Filename Value="UTestVarDecl.pas"/>
        <IsPartOfProject Value="True"/>
        <UnitName Value="UTestVarDecl"/>
        <WindowIndex Value="0"/>
        <TopLine Value="1"/>
        <CursorPos X="1" Y="1"/>
        <UsageCount Value="20"/>
        <DefaultSyntaxHighlighter Value="Delphi"/>
      </Unit82>
      <Unit83>
        <Filename Value="UTestConstantDecl.pas"/>
        <IsPartOfProject Value="True"/>
        <UnitName Value="UTestConstantDecl"/>
        <WindowIndex Value="0"/>
        <TopLine Value="1"/>
        <CursorPos X="1" Y="1"/>
        <UsageCount Value="20"/>
        <DefaultSyntaxHighlighter Value="Delphi"/>
      </Unit83>
      <Unit84>
        <Filename Value="UTestVarSection.pas"/>
        <IsPartOfProject Value="True"/>
        <UnitName Value="UTestVarSection"/>
        <WindowIndex Value="0"/>
        <TopLine Value="1"/>
        <CursorPos X="1" Y="1"/>
        <UsageCount Value="20"/>
        <DefaultSyntaxHighlighter Value="Delphi"/>
      </Unit84>
      <Unit85>
        <Filename Value="UTestConstSection.pas"/>
        <IsPartOfProject Value="True"/>
        <UnitName Value="UTestConstSection"/>
        <WindowIndex Value="0"/>
        <TopLine Value="1"/>
        <CursorPos X="1" Y="1"/>
        <UsageCount Value="20"/>
        <DefaultSyntaxHighlighter Value="Delphi"/>
      </Unit85>
      <Unit86>
        <Filename Value="UTestFieldDecl.pas"/>
        <IsPartOfProject Value="True"/>
        <UnitName Value="UTestFieldDecl"/>
        <WindowIndex Value="0"/>
        <TopLine Value="1"/>
        <CursorPos X="1" Y="1"/>
        <UsageCount Value="20"/>
        <DefaultSyntaxHighlighter Value="Delphi"/>
      </Unit86>
      <Unit87>
        <Filename Value="UTestFieldSection.pas"/>
        <IsPartOfProject Value="True"/>
        <UnitName Value="UTestFieldSection"/>
        <WindowIndex Value="0"/>
        <TopLine Value="1"/>
        <CursorPos X="1" Y="1"/>
        <UsageCount Value="20"/>
        <DefaultSyntaxHighlighter Value="Delphi"/>
      </Unit87>
      <Unit88>
        <Filename Value="UTestTypeDecl.pas"/>
        <IsPartOfProject Value="True"/>
        <UnitName Value="UTestTypeDecl"/>
        <WindowIndex Value="0"/>
        <TopLine Value="1"/>
        <CursorPos X="1" Y="1"/>
        <UsageCount Value="20"/>
        <DefaultSyntaxHighlighter Value="Delphi"/>
      </Unit88>
      <Unit89>
        <Filename Value="UTestTypeSection.pas"/>
        <IsPartOfProject Value="True"/>
        <UnitName Value="UTestTypeSection"/>
        <WindowIndex Value="0"/>
        <TopLine Value="1"/>
        <CursorPos X="1" Y="1"/>
        <UsageCount Value="20"/>
        <DefaultSyntaxHighlighter Value="Delphi"/>
      </Unit89>
      <Unit90>
        <Filename Value="UTestVisibilitySectionContent.pas"/>
        <IsPartOfProject Value="True"/>
        <UnitName Value="UTestVisibilitySectionContent"/>
        <WindowIndex Value="0"/>
        <TopLine Value="1"/>
        <CursorPos X="1" Y="1"/>
        <UsageCount Value="20"/>
        <DefaultSyntaxHighlighter Value="Delphi"/>
      </Unit90>
      <Unit91>
        <Filename Value="UTestVisibilitySection.pas"/>
        <IsPartOfProject Value="True"/>
        <UnitName Value="UTestVisibilitySection"/>
        <WindowIndex Value="0"/>
        <TopLine Value="1"/>
        <CursorPos X="1" Y="1"/>
        <UsageCount Value="20"/>
        <DefaultSyntaxHighlighter Value="Delphi"/>
      </Unit91>
      <Unit92>
        <Filename Value="UTestVariantGroup.pas"/>
        <IsPartOfProject Value="True"/>
        <UnitName Value="UTestVariantGroup"/>
        <WindowIndex Value="0"/>
        <TopLine Value="1"/>
        <CursorPos X="1" Y="1"/>
        <UsageCount Value="20"/>
        <DefaultSyntaxHighlighter Value="Delphi"/>
      </Unit92>
      <Unit93>
        <Filename Value="UTestVariantSection.pas"/>
        <IsPartOfProject Value="True"/>
        <UnitName Value="UTestVariantSection"/>
        <WindowIndex Value="0"/>
        <TopLine Value="1"/>
        <CursorPos X="1" Y="1"/>
        <UsageCount Value="20"/>
        <DefaultSyntaxHighlighter Value="Delphi"/>
      </Unit93>
      <Unit94>
        <Filename Value="UTestRecordType.pas"/>
        <IsPartOfProject Value="True"/>
        <UnitName Value="UTestRecordType"/>
        <WindowIndex Value="0"/>
        <TopLine Value="1"/>
        <CursorPos X="1" Y="1"/>
        <UsageCount Value="20"/>
        <DefaultSyntaxHighlighter Value="Delphi"/>
      </Unit94>
      <Unit95>
        <Filename Value="UTestClassHelperType.pas"/>
        <IsPartOfProject Value="True"/>
        <UnitName Value="UTestClassHelperType"/>
        <WindowIndex Value="0"/>
        <TopLine Value="1"/>
        <CursorPos X="1" Y="1"/>
        <UsageCount Value="20"/>
        <DefaultSyntaxHighlighter Value="Delphi"/>
      </Unit95>
      <Unit96>
        <Filename Value="UTestStringType.pas"/>
        <IsPartOfProject Value="True"/>
        <UnitName Value="UTestStringType"/>
        <WindowIndex Value="0"/>
        <TopLine Value="1"/>
        <CursorPos X="1" Y="1"/>
        <UsageCount Value="20"/>
        <DefaultSyntaxHighlighter Value="Delphi"/>
      </Unit96>
      <Unit97>
        <Filename Value="UTestClassType.pas"/>
        <IsPartOfProject Value="True"/>
        <UnitName Value="UTestClassType"/>
        <WindowIndex Value="0"/>
        <TopLine Value="1"/>
        <CursorPos X="1" Y="1"/>
        <UsageCount Value="20"/>
        <DefaultSyntaxHighlighter Value="Delphi"/>
      </Unit97>
      <Unit98>
        <Filename Value="UTestInterfaceDecl.pas"/>
        <IsPartOfProject Value="True"/>
        <UnitName Value="UTestInterfaceDecl"/>
        <WindowIndex Value="0"/>
        <TopLine Value="1"/>
        <CursorPos X="1" Y="1"/>
        <UsageCount Value="20"/>
        <DefaultSyntaxHighlighter Value="Delphi"/>
      </Unit98>
      <Unit99>
        <Filename Value="UTestInterfaceSection.pas"/>
        <IsPartOfProject Value="True"/>
        <UnitName Value="UTestInterfaceSection"/>
        <WindowIndex Value="0"/>
        <TopLine Value="1"/>
        <CursorPos X="1" Y="1"/>
        <UsageCount Value="20"/>
        <DefaultSyntaxHighlighter Value="Delphi"/>
      </Unit99>
      <Unit100>
        <Filename Value="UTestImplementationDecl.pas"/>
        <IsPartOfProject Value="True"/>
        <UnitName Value="UTestImplementationDecl"/>
        <WindowIndex Value="0"/>
        <TopLine Value="1"/>
        <CursorPos X="1" Y="1"/>
        <UsageCount Value="20"/>
        <DefaultSyntaxHighlighter Value="Delphi"/>
      </Unit100>
      <Unit101>
        <Filename Value="UTestFancyBlock.pas"/>
        <IsPartOfProject Value="True"/>
        <UnitName Value="UTestFancyBlock"/>
        <WindowIndex Value="0"/>
        <TopLine Value="1"/>
        <CursorPos X="1" Y="1"/>
        <UsageCount Value="20"/>
        <DefaultSyntaxHighlighter Value="Delphi"/>
      </Unit101>
      <Unit102>
        <Filename Value="UTestMethodImplementation.pas"/>
        <IsPartOfProject Value="True"/>
        <UnitName Value="UTestMethodImplementation"/>
        <WindowIndex Value="0"/>
        <TopLine Value="1"/>
        <CursorPos X="1" Y="1"/>
        <UsageCount Value="20"/>
        <DefaultSyntaxHighlighter Value="Delphi"/>
      </Unit102>
      <Unit103>
        <Filename Value="UTestImplementationSection.pas"/>
        <IsPartOfProject Value="True"/>
        <UnitName Value="UTestImplementationSection"/>
        <WindowIndex Value="0"/>
        <TopLine Value="1"/>
        <CursorPos X="1" Y="1"/>
        <UsageCount Value="20"/>
        <DefaultSyntaxHighlighter Value="Delphi"/>
      </Unit103>
      <Unit104>
        <Filename Value="UTestUnit.pas"/>
        <IsPartOfProject Value="True"/>
        <UnitName Value="UTestUnit"/>
        <WindowIndex Value="0"/>
        <TopLine Value="1"/>
        <CursorPos X="1" Y="1"/>
        <UsageCount Value="20"/>
        <DefaultSyntaxHighlighter Value="Delphi"/>
      </Unit104>
      <Unit105>
        <Filename Value="UTestRequiresClause.pas"/>
        <IsPartOfProject Value="True"/>
        <UnitName Value="UTestRequiresClause"/>
        <WindowIndex Value="0"/>
        <TopLine Value="1"/>
        <CursorPos X="1" Y="1"/>
        <UsageCount Value="20"/>
        <DefaultSyntaxHighlighter Value="Delphi"/>
      </Unit105>
      <Unit106>
        <Filename Value="UTestProgram.pas"/>
        <IsPartOfProject Value="True"/>
        <UnitName Value="UTestProgram"/>
        <WindowIndex Value="0"/>
        <TopLine Value="1"/>
        <CursorPos X="1" Y="1"/>
        <UsageCount Value="20"/>
        <DefaultSyntaxHighlighter Value="Delphi"/>
      </Unit106>
      <Unit107>
        <Filename Value="UTestPackage.pas"/>
        <IsPartOfProject Value="True"/>
        <UnitName Value="UTestPackage"/>
        <WindowIndex Value="0"/>
        <TopLine Value="1"/>
        <CursorPos X="1" Y="1"/>
        <UsageCount Value="20"/>
        <DefaultSyntaxHighlighter Value="Delphi"/>
      </Unit107>
      <Unit108>
        <Filename Value="../\PasParse\ULexException.pas"/>
        <IsPartOfProject Value="True"/>
        <UsageCount Value="20"/>
        <DefaultSyntaxHighlighter Value="Delphi"/>
      </Unit108>
      <Unit109>
        <Filename Value="..\PasParse\UToken.pas"/>
        <UnitName Value="UToken"/>
        <EditorIndex Value="5"/>
        <WindowIndex Value="0"/>
        <TopLine Value="50"/>
        <CursorPos X="18" Y="50"/>
        <UsageCount Value="10"/>
        <Loaded Value="True"/>
        <DefaultSyntaxHighlighter Value="Delphi"/>
      </Unit109>
    </Units>
    <JumpHistory Count="16" HistoryIndex="15">
      <Position1>
        <Filename Value="PasParseTest.dpr"/>
        <Caret Line="9" Column="12" TopLine="1"/>
      </Position1>
      <Position2>
        <Filename Value="PasParseTest.dpr"/>
        <Caret Line="12" Column="37" TopLine="1"/>
      </Position2>
      <Position3>
        <Filename Value="PasParseTest.dpr"/>
        <Caret Line="14" Column="3" TopLine="1"/>
      </Position3>
      <Position4>
        <Filename Value="..\FastMM\FastMM4.pas"/>
        <Caret Line="1" Column="1" TopLine="1"/>
      </Position4>
      <Position5>
        <Filename Value="..\FastMM\FastMM4.pas"/>
        <Caret Line="1389" Column="62" TopLine="1370"/>
      </Position5>
      <Position6>
        <Filename Value="UTest.pas"/>
        <Caret Line="1" Column="1" TopLine="1"/>
      </Position6>
      <Position7>
        <Filename Value="UTest.pas"/>
        <Caret Line="16" Column="35" TopLine="1"/>
      </Position7>
      <Position8>
        <Filename Value="..\PasParse\UToken.pas"/>
        <Caret Line="1" Column="1" TopLine="1"/>
      </Position8>
      <Position9>
        <Filename Value="..\PasParse\UToken.pas"/>
        <Caret Line="98" Column="23" TopLine="73"/>
      </Position9>
      <Position10>
        <Filename Value="UTestLexScanner.pas"/>
        <Caret Line="1" Column="1" TopLine="1"/>
      </Position10>
      <Position11>
        <Filename Value="UTestLexScanner.pas"/>
        <Caret Line="56" Column="19" TopLine="37"/>
      </Position11>
      <Position12>
        <Filename Value="UTestExtendedIdent.pas"/>
        <Caret Line="1" Column="1" TopLine="1"/>
      </Position12>
      <Position13>
        <Filename Value="UTestExtendedIdent.pas"/>
        <Caret Line="43" Column="30" TopLine="24"/>
      </Position13>
      <Position14>
        <Filename Value="UTestExtendedIdent.pas"/>
        <Caret Line="59" Column="30" TopLine="30"/>
      </Position14>
      <Position15>
        <Filename Value="UTestExtendedIdent.pas"/>
        <Caret Line="43" Column="62" TopLine="24"/>
      </Position15>
      <Position16>
        <Filename Value="UTestIdent.pas"/>
        <Caret Line="1" Column="1" TopLine="1"/>
      </Position16>
    </JumpHistory>
  </ProjectOptions>
  <CompilerOptions>
    <Version Value="9"/>
    <PathDelim Value="\"/>
    <SearchPaths>
      <IncludeFiles Value="..\FastMM"/>
      <OtherUnitFiles Value="..\FastMM;../\PasParse"/>
    </SearchPaths>
    <Parsing>
      <SyntaxOptions>
        <SyntaxMode Value="delphi"/>
      </SyntaxOptions>
    </Parsing>
    <Other>
      <CompilerPath Value="$(CompPath)"/>
    </Other>
  </CompilerOptions>
  <SkipCheckLCLInterfaces Value="True"/>
  <Debugging>
    <Exceptions Count="3">
      <Item1>
        <Name Value="EAbort"/>
      </Item1>
      <Item2>
        <Name Value="ECodetoolError"/>
      </Item2>
      <Item3>
        <Name Value="EFOpenError"/>
      </Item3>
    </Exceptions>
  </Debugging>
</CONFIG>
