<?xml version="1.0" encoding="utf-8"?>
<Project xmlns="http://schemas.microsoft.com/developer/msbuild/2003">
  <PropertyGroup>
    <ProjectGuid>{c3777d0d-edbd-48d9-9d63-eeafd5b65319}</ProjectGuid>
    <Configuration Condition=" '$(Configuration)' == '' ">Debug</Configuration>
    <Platform Condition=" '$(Platform)' == '' ">AnyCPU</Platform>
    <DCC_DCCCompiler>DCC32</DCC_DCCCompiler>
    <DCC_DependencyCheckOutputName>PasParseTest.exe</DCC_DependencyCheckOutputName>
    <MainSource>PasParseTest.dpr</MainSource>
  </PropertyGroup>
  <PropertyGroup Condition=" '$(Configuration)|$(Platform)' == 'Release|AnyCPU' ">
    <Version>7.0</Version>
    <DCC_DebugInformation>False</DCC_DebugInformation>
    <DCC_LocalDebugSymbols>False</DCC_LocalDebugSymbols>
    <DCC_SymbolReferenceInfo>0</DCC_SymbolReferenceInfo>
    <DCC_Define>RELEASE</DCC_Define>
  </PropertyGroup>
  <PropertyGroup Condition=" '$(Configuration)|$(Platform)' == 'Debug|AnyCPU' ">
    <Version>7.0</Version>
    <DCC_Define>DEBUG</DCC_Define>
    <DCC_UnitSearchPath>$(BDS)\lib\Debug;$(BDS)\Lib\Debug\Indy10</DCC_UnitSearchPath>
    <DCC_ResourcePath>$(BDS)\lib\Debug;$(BDS)\Lib\Debug\Indy10</DCC_ResourcePath>
    <DCC_ObjPath>$(BDS)\lib\Debug;$(BDS)\Lib\Debug\Indy10</DCC_ObjPath>
    <DCC_IncludePath>$(BDS)\lib\Debug;$(BDS)\Lib\Debug\Indy10</DCC_IncludePath>
    <DCC_MapFile>3</DCC_MapFile>
  </PropertyGroup>
  <ProjectExtensions>
    <Borland.Personality>Delphi.Personality</Borland.Personality>
    <Borland.ProjectType />
    <BorlandProject>
<BorlandProject><Delphi.Personality><Parameters><Parameters Name="UseLauncher">False</Parameters><Parameters Name="LoadAllSymbols">True</Parameters><Parameters Name="LoadUnspecifiedSymbols">False</Parameters></Parameters><VersionInfo><VersionInfo Name="IncludeVerInfo">False</VersionInfo><VersionInfo Name="AutoIncBuild">False</VersionInfo><VersionInfo Name="MajorVer">1</VersionInfo><VersionInfo Name="MinorVer">0</VersionInfo><VersionInfo Name="Release">0</VersionInfo><VersionInfo Name="Build">0</VersionInfo><VersionInfo Name="Debug">False</VersionInfo><VersionInfo Name="PreRelease">False</VersionInfo><VersionInfo Name="Special">False</VersionInfo><VersionInfo Name="Private">False</VersionInfo><VersionInfo Name="DLL">False</VersionInfo><VersionInfo Name="Locale">1031</VersionInfo><VersionInfo Name="CodePage">1252</VersionInfo></VersionInfo><VersionInfoKeys><VersionInfoKeys Name="CompanyName"></VersionInfoKeys><VersionInfoKeys Name="FileDescription"></VersionInfoKeys><VersionInfoKeys Name="FileVersion">1.0.0.0</VersionInfoKeys><VersionInfoKeys Name="InternalName"></VersionInfoKeys><VersionInfoKeys Name="LegalCopyright"></VersionInfoKeys><VersionInfoKeys Name="LegalTrademarks"></VersionInfoKeys><VersionInfoKeys Name="OriginalFilename"></VersionInfoKeys><VersionInfoKeys Name="ProductName"></VersionInfoKeys><VersionInfoKeys Name="ProductVersion">1.0.0.0</VersionInfoKeys><VersionInfoKeys Name="Comments"></VersionInfoKeys></VersionInfoKeys><Source><Source Name="MainSource">PasParseTest.dpr</Source></Source></Delphi.Personality></BorlandProject></BorlandProject>
  </ProjectExtensions>
  <Import Project="$(MSBuildBinPath)\Borland.Delphi.Targets" />
  <ItemGroup>
    <DelphiCompile Include="PasParseTest.dpr">
      <MainSource>MainSource</MainSource>
    </DelphiCompile>
    <DCCReference Include="..\FastMM\FastMM4.pas" />
    <DCCReference Include="..\FastMM\FastMM4Messages.pas" />
    <DCCReference Include="UTest.pas" />
    <DCCReference Include="UTestAddOp.pas" />
    <DCCReference Include="UTestAlternator.pas" />
    <DCCReference Include="UTestArrayType.pas" />
    <DCCReference Include="UTestAssemblerStatement.pas" />
    <DCCReference Include="UTestASTNode.pas" />
    <DCCReference Include="UTestAtom.pas" />
    <DCCReference Include="UTestBareInherited.pas" />
    <DCCReference Include="UTestBlock.pas" />
    <DCCReference Include="UTestCaseSelector.pas" />
    <DCCReference Include="UTestCaseStatement.pas" />
    <DCCReference Include="UTestClassOf.pas" />
    <DCCReference Include="UTestCompilerDefines.pas" />
    <DCCReference Include="UTestDictionary.pas" />
    <DCCReference Include="UTestDirective.pas" />
    <DCCReference Include="UTestEnumeratedType.pas" />
    <DCCReference Include="UTestEnumeratedTypeElement.pas" />
    <DCCReference Include="UTestExceptionItem.pas" />
    <DCCReference Include="UTestExportsSpecifier.pas" />
    <DCCReference Include="UTestExpression.pas" />
    <DCCReference Include="UTestExpressionList.pas" />
    <DCCReference Include="UTestExpressionOrAssignment.pas" />
    <DCCReference Include="UTestExpressionOrRange.pas" />
    <DCCReference Include="UTestExpressionOrRangeList.pas" />
    <DCCReference Include="UTestExtendedIdent.pas" />
    <DCCReference Include="UTestFactor.pas" />
    <DCCReference Include="UTestFileType.pas" />
    <DCCReference Include="UTestForStatement.pas" />
    <DCCReference Include="UTestGotoStatement.pas" />
    <DCCReference Include="UTestIdent.pas" />
    <DCCReference Include="UTestIdentList.pas" />
    <DCCReference Include="UTestIfStatement.pas" />
    <DCCReference Include="UTestLabelId.pas" />
    <DCCReference Include="UTestLexScanner.pas" />
    <DCCReference Include="UTestMethodHeading.pas" />
    <DCCReference Include="UTestMethodReturnType.pas" />
    <DCCReference Include="UTestMulOp.pas" />
    <DCCReference Include="UTestOpenArray.pas" />
    <DCCReference Include="UTestParameter.pas" />
    <DCCReference Include="UTestParameterExpression.pas" />
    <DCCReference Include="UTestParameterType.pas" />
    <DCCReference Include="UTestParenthesizedExpression.pas" />
    <DCCReference Include="UTestParser.pas" />
    <DCCReference Include="UTestParticle.pas" />
    <DCCReference Include="UTestPortabilityDirective.pas" />
    <DCCReference Include="UTestProperty.pas" />
    <DCCReference Include="UTestPropertyDirective.pas" />
    <DCCReference Include="UTestQualifiedIdent.pas" />
    <DCCReference Include="UTestRaiseStatement.pas" />
    <DCCReference Include="UTestRelOp.pas" />
    <DCCReference Include="UTestRepeatStatement.pas" />
    <DCCReference Include="UTestSetLiteral.pas" />
    <DCCReference Include="UTestSetType.pas" />
    <DCCReference Include="UTestSimpleExpression.pas" />
    <DCCReference Include="UTestSimpleStatement.pas" />
    <DCCReference Include="UTestStatement.pas" />
    <DCCReference Include="UTestStatementList.pas" />
    <DCCReference Include="UTestTerm.pas" />
    <DCCReference Include="UTestTryStatement.pas" />
    <DCCReference Include="UTestUnaryOperator.pas" />
    <DCCReference Include="UTestUsedUnit.pas" />
    <DCCReference Include="UTestUsesClause.pas" />
    <DCCReference Include="UTestVisibility.pas" />
    <DCCReference Include="UTestWhileStatement.pas" />
    <DCCReference Include="UTestWithStatement.pas" />
  </ItemGroup>
</Project>