<?xml version="1.0" encoding="utf-8"?>
<Project xmlns="http://schemas.microsoft.com/developer/msbuild/2003">
  <PropertyGroup>
    <ProjectGuid>{ba966b27-c42c-40dd-aa9f-41aea7d53b6e}</ProjectGuid>
    <MainSource>PasParse.dpk</MainSource>
    <Configuration Condition=" '$(Configuration)' == '' ">Debug</Configuration>
    <Platform Condition=" '$(Platform)' == '' ">AnyCPU</Platform>
    <DCC_DCCCompiler>DCC32</DCC_DCCCompiler>
    <DCC_DependencyCheckOutputName>C:\Dokumente und Einstellungen\All Users\Dokumente\RAD Studio\5.0\Bpl\PasParse.bpl</DCC_DependencyCheckOutputName>
  </PropertyGroup>
  <PropertyGroup Condition=" '$(Configuration)|$(Platform)' == 'Release|AnyCPU' ">
    <Version>7.0</Version>
    <DCC_DebugInformation>False</DCC_DebugInformation>
    <DCC_LocalDebugSymbols>False</DCC_LocalDebugSymbols>
    <DCC_SymbolReferenceInfo>0</DCC_SymbolReferenceInfo>
    <DCC_Define>RELEASE</DCC_Define>
  </PropertyGroup>
  <PropertyGroup Condition=" '$(Configuration)|$(Platform)' == 'Debug|AnyCPU' ">
    <Version>7.0</Version>
  </PropertyGroup>
  <ProjectExtensions>
    <Borland.Personality>Delphi.Personality</Borland.Personality>
    <Borland.ProjectType>Package</Borland.ProjectType>
    <BorlandProject>
<BorlandProject><Delphi.Personality><Parameters><Parameters Name="UseLauncher">False</Parameters><Parameters Name="LoadAllSymbols">True</Parameters><Parameters Name="LoadUnspecifiedSymbols">False</Parameters></Parameters><Package_Options><Package_Options Name="ImplicitBuild">True</Package_Options><Package_Options Name="DesigntimeOnly">False</Package_Options><Package_Options Name="RuntimeOnly">False</Package_Options></Package_Options><VersionInfo><VersionInfo Name="IncludeVerInfo">True</VersionInfo><VersionInfo Name="AutoIncBuild">False</VersionInfo><VersionInfo Name="MajorVer">1</VersionInfo><VersionInfo Name="MinorVer">0</VersionInfo><VersionInfo Name="Release">0</VersionInfo><VersionInfo Name="Build">0</VersionInfo><VersionInfo Name="Debug">False</VersionInfo><VersionInfo Name="PreRelease">False</VersionInfo><VersionInfo Name="Special">False</VersionInfo><VersionInfo Name="Private">False</VersionInfo><VersionInfo Name="DLL">False</VersionInfo><VersionInfo Name="Locale">1031</VersionInfo><VersionInfo Name="CodePage">1252</VersionInfo></VersionInfo><VersionInfoKeys><VersionInfoKeys Name="CompanyName"></VersionInfoKeys><VersionInfoKeys Name="FileDescription"></VersionInfoKeys><VersionInfoKeys Name="FileVersion">1.0.0.0</VersionInfoKeys><VersionInfoKeys Name="InternalName"></VersionInfoKeys><VersionInfoKeys Name="LegalCopyright"></VersionInfoKeys><VersionInfoKeys Name="LegalTrademarks"></VersionInfoKeys><VersionInfoKeys Name="OriginalFilename"></VersionInfoKeys><VersionInfoKeys Name="ProductName"></VersionInfoKeys><VersionInfoKeys Name="ProductVersion">1.0.0.0</VersionInfoKeys><VersionInfoKeys Name="Comments"></VersionInfoKeys></VersionInfoKeys><Source><Source Name="MainSource">PasParse.dpk</Source></Source></Delphi.Personality></BorlandProject></BorlandProject>
  </ProjectExtensions>
  <Import Project="$(MSBuildBinPath)\Borland.Delphi.Targets" />
  <ItemGroup>
    <DelphiCompile Include="PasParse.dpk">
      <MainSource>MainSource</MainSource>
    </DelphiCompile>
    <DCCReference Include="rtl.dcp" />
    <DCCReference Include="UASTNode.pas" />
    <DCCReference Include="UBaseException.pas" />
    <DCCReference Include="UCompilerDefines.pas" />
    <DCCReference Include="UDelimitedItemNode.pas" />
    <DCCReference Include="UDictionary.pas" />
    <DCCReference Include="UEOFFrame.pas" />
    <DCCReference Include="UFrame.pas" />
    <DCCReference Include="UGeneratedNodes.pas" />
    <DCCReference Include="UIFrame.pas" />
    <DCCReference Include="UInvalidOperationException.pas" />
    <DCCReference Include="UIParser.pas" />
    <DCCReference Include="UITokenSet.pas" />
    <DCCReference Include="ULexException.pas" />
    <DCCReference Include="ULexScanner.pas" />
    <DCCReference Include="UListNode.pas" />
    <DCCReference Include="ULocation.pas" />
    <DCCReference Include="UNonTerminalNode.pas" />
    <DCCReference Include="UParseException.pas" />
    <DCCReference Include="UParser.pas" />
    <DCCReference Include="UPreprocessorException.pas" />
    <DCCReference Include="URule.pas" />
    <DCCReference Include="URules.pas" />
    <DCCReference Include="URuleType.pas" />
    <DCCReference Include="USingleTokenTokenSet.pas" />
    <DCCReference Include="UToken.pas" />
    <DCCReference Include="UTokenRule.pas" />
    <DCCReference Include="UTokenSet.pas" />
    <DCCReference Include="UTokenSets.pas" />
    <DCCReference Include="UTokenType.pas" />
    <DCCReference Include="vcl.dcp" />
  </ItemGroup>
</Project>